{
  "name": "gdoc",
  "lockfileVersion": 2,
  "requires": true,
  "packages": {
    "": {
      "devDependencies": {
        "@types/google-apps-script": "^1.0.76",
        "@types/node": "^16.7.4"
      }
    },
    "node_modules/@types/google-apps-script": {
      "version": "1.0.76",
      "resolved": "https://registry.npmjs.org/@types/google-apps-script/-/google-apps-script-1.0.76.tgz",
      "integrity": "sha512-mFjMHffMXoWLfFp7GthjiFQlctjzW2UOTqrTntfeqQHtGfv8WOps1zY+mA1IKHmoZCtTOdQuiONfM3Zu1NPjWQ==",
      "dev": true
    },
    "node_modules/@types/node": {
      "version": "16.7.4",
      "resolved": "https://registry.npmjs.org/@types/node/-/node-16.7.4.tgz",
      "integrity": "sha512-25QXpDsTiDnl2rZGUenagVMwO46way8dOUdvoC3R3p+6TrbpxeJBo/v87BEG1IHI31Jhaa8lPeSHcqwxsVBeYQ==",
      "dev": true
    }
  },
  "dependencies": {
    "@types/google-apps-script": {
      "version": "1.0.76",
      "resolved": "https://registry.npmjs.org/@types/google-apps-script/-/google-apps-script-1.0.76.tgz",
      "integrity": "sha512-mFjMHffMXoWLfFp7GthjiFQlctjzW2UOTqrTntfeqQHtGfv8WOps1zY+mA1IKHmoZCtTOdQuiONfM3Zu1NPjWQ==",
      "dev": true
    },
    "@types/node": {
      "version": "16.7.4",
      "resolved": "https://registry.npmjs.org/@types/node/-/node-16.7.4.tgz",
      "integrity": "sha512-25QXpDsTiDnl2rZGUenagVMwO46way8dOUdvoC3R3p+6TrbpxeJBo/v87BEG1IHI31Jhaa8lPeSHcqwxsVBeYQ==",
      "dev": true
    }
  }
}
